
Microsoft Visual Studio Solution File, Format Version 12.00
# Visual Studio 15
VisualStudioVersion = 15.0.26020.0
MinimumVisualStudioVersion = 10.0.40219.1
Project("{FAE04EC0-301F-11D3-BF4B-00C04F79EFBC}") = "LibraMage", "LibraMage.csproj", "{BEA48104-DC85-41F4-BE16-ADAF7F84119F}"
EndProject
Global
	GlobalSection(SolutionConfigurationPlatforms) = preSolution
		Debug|Any CPU = Debug|Any CPU
		Release|Any CPU = Release|Any CPU
	EndGlobalSection
	GlobalSection(ProjectConfigurationPlatforms) = postSolution
		{BEA48104-DC85-41F4-BE16-ADAF7F84119F}.Debug|Any CPU.ActiveCfg = Debug|Any CPU
		{BEA48104-DC85-41F4-BE16-ADAF7F84119F}.Debug|Any CPU.Build.0 = Debug|Any CPU
		{BEA48104-DC85-41F4-BE16-ADAF7F84119F}.Release|Any CPU.ActiveCfg = Release|Any CPU
		{BEA48104-DC85-41F4-BE16-ADAF7F84119F}.Release|Any CPU.Build.0 = Release|Any CPU
	EndGlobalSection
	GlobalSection(SolutionProperties) = preSolution
		HideSolutionNode = FALSE
	EndGlobalSection
EndGlobal
